{
    "_readme": [
        "This file locks the dependencies of your project to a known state",
        "Read more about it at http://getcomposer.org/doc/01-basic-usage.md#composer-lock-the-lock-file"
    ],
    "hash": "ec882615f98751c013ea6d00cb079520",
    "packages": [
        {
            "name": "webignition/url",
            "version": "1.9.3",
            "source": {
                "type": "git",
                "url": "https://github.com/webignition/url.git",
                "reference": "c93cae6c5d5fc8fe4834877a697bc9764c365045"
            },
            "dist": {
                "type": "zip",
                "url": "https://api.github.com/repos/webignition/url/zipball/c93cae6c5d5fc8fe4834877a697bc9764c365045",
                "reference": "c93cae6c5d5fc8fe4834877a697bc9764c365045",
                "shasum": ""
            },
            "require": {
                "ext-intl": "*",
                "php": ">=5.3.0"
            },
            "type": "library",
            "autoload": {
                "psr-0": {
                    "": "src/"
                }
            },
            "notification-url": "https://packagist.org/downloads/",
            "license": [
                "MIT"
            ],
            "authors": [
                {
                    "name": "Jon Cram",
                    "email": "jon@webignition.net"
                }
            ],
            "description": "Represents a URL, a library to be used in many other places. Applies semantically-lossless normalisation for comparisons.",
            "homepage": "https://github.com/webignition/url",
            "keywords": [
                "url"
            ],
            "time": "2013-10-03 10:01:18"
        }
    ],
    "packages-dev": [

    ],
    "aliases": [

    ],
    "minimum-stability": "stable",
    "stability-flags": [

    ],
    "platform": {
        "php": ">=5.3.0"
    },
    "platform-dev": [

    ]
}
